
Microsoft Visual Studio Solution File, Format Version 12.00
# Visual Studio Version 16
VisualStudioVersion = 16.0.30114.105
MinimumVisualStudioVersion = 10.0.40219.1
Project("{FAE04EC0-301F-11D3-BF4B-00C04F79EFBC}") = "CommandApi", "CommandApi\CommandApi.csproj", "{B6E28222-EDED-4564-926C-22A1A22B51F7}"
EndProject
Global
	GlobalSection(SolutionConfigurationPlatforms) = preSolution
		Debug|Any CPU = Debug|Any CPU
		Release|Any CPU = Release|Any CPU
	EndGlobalSection
	GlobalSection(ProjectConfigurationPlatforms) = postSolution
		{B6E28222-EDED-4564-926C-22A1A22B51F7}.Debug|Any CPU.ActiveCfg = Debug|Any CPU
		{B6E28222-EDED-4564-926C-22A1A22B51F7}.Debug|Any CPU.Build.0 = Debug|Any CPU
		{B6E28222-EDED-4564-926C-22A1A22B51F7}.Release|Any CPU.ActiveCfg = Release|Any CPU
		{B6E28222-EDED-4564-926C-22A1A22B51F7}.Release|Any CPU.Build.0 = Release|Any CPU
	EndGlobalSection
	GlobalSection(SolutionProperties) = preSolution
		HideSolutionNode = FALSE
	EndGlobalSection
	GlobalSection(ExtensibilityGlobals) = postSolution
		SolutionGuid = {C43EE70F-A851-49D4-969E-C90EA9E8CE68}
	EndGlobalSection
EndGlobal
